Microsoft Visual Studio Solution File, Format Version 12.00
# Visual Studio Version 17
VisualStudioVersion = 17.5.2.0
MinimumVisualStudioVersion = 10.0.40219.1
Project("{FAE04EC0-301F-11D3-BF4B-00C04F79EFBC}") = "cart-service", "cart-service\cart-service.csproj", "{73482CBE-4A8B-09EF-BD0E-4446D23181AA}"
EndProject
Project("{FAE04EC0-301F-11D3-BF4B-00C04F79EFBC}") = "payment-service", "payment-service\payment-service.csproj", "{A100D8F2-A301-024B-4E40-31E088FE81DD}"
EndProject
Global
	GlobalSection(SolutionConfigurationPlatforms) = preSolution
		Debug|Any CPU = Debug|Any CPU
		Release|Any CPU = Release|Any CPU
	EndGlobalSection
	GlobalSection(ProjectConfigurationPlatforms) = postSolution
		{73482CBE-4A8B-09EF-BD0E-4446D23181AA}.Debug|Any CPU.ActiveCfg = Debug|Any CPU
		{73482CBE-4A8B-09EF-BD0E-4446D23181AA}.Debug|Any CPU.Build.0 = Debug|Any CPU
		{73482CBE-4A8B-09EF-BD0E-4446D23181AA}.Release|Any CPU.ActiveCfg = Release|Any CPU
		{73482CBE-4A8B-09EF-BD0E-4446D23181AA}.Release|Any CPU.Build.0 = Release|Any CPU
		{A100D8F2-A301-024B-4E40-31E088FE81DD}.Debug|Any CPU.ActiveCfg = Debug|Any CPU
		{A100D8F2-A301-024B-4E40-31E088FE81DD}.Debug|Any CPU.Build.0 = Debug|Any CPU
		{A100D8F2-A301-024B-4E40-31E088FE81DD}.Release|Any CPU.ActiveCfg = Release|Any CPU
		{A100D8F2-A301-024B-4E40-31E088FE81DD}.Release|Any CPU.Build.0 = Release|Any CPU
	EndGlobalSection
	GlobalSection(SolutionProperties) = preSolution
		HideSolutionNode = FALSE
	EndGlobalSection
	GlobalSection(ExtensibilityGlobals) = postSolution
		SolutionGuid = {DF5C5519-0FF1-4653-9F33-319DB75EC384}
	EndGlobalSection
EndGlobal
